
Microsoft Visual Studio Solution File, Format Version 12.00
# Visual Studio Version 16
VisualStudioVersion = 16.0.29905.134
MinimumVisualStudioVersion = 10.0.40219.1
Project("{FAE04EC0-301F-11D3-BF4B-00C04F79EFBC}") = "LeftJoin", "LeftJoin\LeftJoin.csproj", "{7B370211-3F76-4B91-AE57-A92E5C5434DB}"
EndProject
Global
	GlobalSection(SolutionConfigurationPlatforms) = preSolution
		Debug|Any CPU = Debug|Any CPU
		Release|Any CPU = Release|Any CPU
	EndGlobalSection
	GlobalSection(ProjectConfigurationPlatforms) = postSolution
		{7B370211-3F76-4B91-AE57-A92E5C5434DB}.Debug|Any CPU.ActiveCfg = Debug|Any CPU
		{7B370211-3F76-4B91-AE57-A92E5C5434DB}.Debug|Any CPU.Build.0 = Debug|Any CPU
		{7B370211-3F76-4B91-AE57-A92E5C5434DB}.Release|Any CPU.ActiveCfg = Release|Any CPU
		{7B370211-3F76-4B91-AE57-A92E5C5434DB}.Release|Any CPU.Build.0 = Release|Any CPU
	EndGlobalSection
	GlobalSection(SolutionProperties) = preSolution
		HideSolutionNode = FALSE
	EndGlobalSection
	GlobalSection(ExtensibilityGlobals) = postSolution
		SolutionGuid = {4EDCDC99-CC5B-4644-B982-3494D6D36018}
	EndGlobalSection
EndGlobal
